# THIS IS AN AUTOGENERATED FILE. DO NOT EDIT THIS FILE DIRECTLY.
# yarn lockfile v1


"@capacitor/app@^8.0.0":
  version "8.0.0"
  resolved "https://registry.yarnpkg.com/@capacitor/app/-/app-8.0.0.tgz#47c2a90302919d71cef8a7297fb1d6ee439d1250"
  integrity sha512-OwzIkUs4w433Bu9WWAEbEYngXEfJXZ9Wmdb8eoaqzYBgB0W9/3Ed/mh6sAYPNBAZlpyarmewgP7Nb+d3Vrh+xA==
