{
    "_meta": {
        "hash": {
            "sha256": "d3d05ff5275bc0748ed6b5c17f5e99c9439e7699dea8b5e4a9c625e16ee4e9ee"
        },
        "pipfile-spec": 6,
        "requires": {
            "python_version": "3.9"
        },
        "sources": [
            {
                "name": "pypi",
                "url": "https://pypi.org/simple",
                "verify_ssl": true
            }
        ]
    },
    "default": {
        "amqp": {
            "hashes": [
                "sha256:03e16e94f2b34c31f8bf1206d8ddd3ccaa4c315f7f6a1879b7b1210d229568c2",
                "sha256:493a2ac6788ce270a2f6a765b017299f60c1998f5a8617908ee9be082f7300fb"
            ],
            "markers": "python_version >= '3.6'",
            "version": "==5.0.6"
        },
        "asgiref": {
            "hashes": [
                "sha256:92906c611ce6c967347bbfea733f13d6313901d54dcca88195eaeb52b2a8e8ee",
                "sha256:d1216dfbdfb63826470995d31caed36225dcaf34f182e0fa257a4dd9e86f1b78"
            ],
            "markers": "python_version >= '3.6'",
            "version": "==3.3.4"
        },
        "billiard": {
            "hashes": [
                "sha256:299de5a8da28a783d51b197d496bef4f1595dd023a93a4f59dde1886ae905547",
                "sha256:87103ea78fa6ab4d5c751c4909bcff74617d985de7fa8b672cf8618afd5a875b"
            ],
            "version": "==3.6.4.0"
        },
        "celery": {
            "hashes": [
                "sha256:1329de1edeaf734ef859e630cb42df2c116d53e59d2f46433b13aed196e85620",
                "sha256:65f061c04578cf189cd7352c192e1a79fdeb370b916bff792bcc769560e81184"
            ],
            "index": "pypi",
            "version": "==5.1.0"
        },
        "click": {
            "hashes": [
                "sha256:d2b5255c7c6349bc1bd1e59e08cd12acbbd63ce649f2588755783aa94dfb6b1a",
                "sha256:dacca89f4bfadd5de3d7489b7c8a566eee0d3676333fbb50030263894c38c0dc"
            ],
            "markers": "python_version >= '2.7' and python_version not in '3.0, 3.1, 3.2, 3.3, 3.4'",
            "version": "==7.1.2"
        },
        "click-didyoumean": {
            "hashes": [
                "sha256:112229485c9704ff51362fe34b2d4f0b12fc71cc20f6d2b3afabed4b8bfa6aeb"
            ],
            "version": "==0.0.3"
        },
        "click-plugins": {
            "hashes": [
                "sha256:46ab999744a9d831159c3411bb0c79346d94a444df9a3a3742e9ed63645f264b",
                "sha256:5d262006d3222f5057fd81e1623d4443e41dcda5dc815c06b442aa3c02889fc8"
            ],
            "version": "==1.1.1"
        },
        "click-repl": {
            "hashes": [
                "sha256:94b3fbbc9406a236f176e0506524b2937e4b23b6f4c0c0b2a0a83f8a64e9194b",
                "sha256:cd12f68d745bf6151210790540b4cb064c7b13e571bc64b6957d98d120dacfd8"
            ],
            "version": "==0.2.0"
        },
        "colorama": {
            "hashes": [
                "sha256:5941b2b48a20143d2267e95b1c2a7603ce057ee39fd88e7329b0c292aa16869b",
                "sha256:9f47eda37229f68eee03b24b9748937c7dc3868f906e8ba69fbcbdd3bc5dc3e2"
            ],
            "version": "==0.4.4"
        },
        "django": {
            "hashes": [
                "sha256:66c9d8db8cc6fe938a28b7887c1596e42d522e27618562517cc8929eb7e7f296",
                "sha256:ea735cbbbb3b2fba6d4da4784a0043d84c67c92f1fdf15ad6db69900e792c10f"
            ],
            "index": "pypi",
            "version": "==3.2.4"
        },
        "djangorestframework": {
            "hashes": [
                "sha256:6d1d59f623a5ad0509fe0d6bfe93cbdfe17b8116ebc8eda86d45f6e16e819aaf",
                "sha256:f747949a8ddac876e879190df194b925c177cdeb725a099db1460872f7c0a7f2"
            ],
            "index": "pypi",
            "version": "==3.12.4"
        },
        "h11": {
            "hashes": [
                "sha256:36a3cb8c0a032f56e2da7084577878a035d3b61d104230d4bd49c0c6b555a9c6",
                "sha256:47222cb6067e4a307d535814917cd98fd0a57b6788ce715755fa2b6c28b56042"
            ],
            "markers": "python_version >= '3.6'",
            "version": "==0.12.0"
        },
        "httptools": {
            "hashes": [
                "sha256:01b392a166adcc8bc2f526a939a8aabf89fe079243e1543fd0e7dc1b58d737cb",
                "sha256:200fc1cdf733a9ff554c0bb97a4047785cfaad9875307d6087001db3eb2b417f",
                "sha256:3ab1f390d8867f74b3b5ee2a7ecc9b8d7f53750bd45714bf1cb72a953d7dfa77",
                "sha256:78d03dd39b09c99ec917d50189e6743adbfd18c15d5944392d2eabda688bf149",
                "sha256:79dbc21f3612a78b28384e989b21872e2e3cf3968532601544696e4ed0007ce5",
                "sha256:80ffa04fe8c8dfacf6e4cef8277347d35b0442c581f5814f3b0cf41b65c43c6e",
                "sha256:813871f961edea6cb2fe312f2d9b27d12a51ba92545380126f80d0de1917ea15",
                "sha256:94505026be56652d7a530ab03d89474dc6021019d6b8682281977163b3471ea0",
                "sha256:a23166e5ae2775709cf4f7ad4c2048755ebfb272767d244e1a96d55ac775cca7",
                "sha256:a289c27ccae399a70eacf32df9a44059ca2ba4ac444604b00a19a6c1f0809943",
                "sha256:a7594f9a010cdf1e16a58b3bf26c9da39bbf663e3b8d46d39176999d71816658",
                "sha256:b08d00d889a118f68f37f3c43e359aab24ee29eb2e3fe96d64c6a2ba8b9d6557",
                "sha256:cc9be041e428c10f8b6ab358c6b393648f9457094e1dcc11b4906026d43cd380",
                "sha256:d5682eeb10cca0606c4a8286a3391d4c3c5a36f0c448e71b8bd05be4e1694bfb",
                "sha256:fd3b8905e21431ad306eeaf56644a68fdd621bf8f3097eff54d0f6bdf7262065"
            ],
            "version": "==0.2.0"
        },
        "kombu": {
            "hashes": [
                "sha256:01481d99f4606f6939cdc9b637264ed353ee9e3e4f62cfb582324142c41a572d",
                "sha256:e2dedd8a86c9077c350555153825a31e456a0dc20c15d5751f00137ec9c75f0a"
            ],
            "markers": "python_version >= '3.6'",
            "version": "==5.1.0"
        },
        "prompt-toolkit": {
            "hashes": [
                "sha256:bf00f22079f5fadc949f42ae8ff7f05702826a97059ffcc6281036ad40ac6f04",
                "sha256:e1b4f11b9336a28fa11810bc623c357420f69dfdb6d2dac41ca2c21a55c033bc"
            ],
            "markers": "python_full_version >= '3.6.1'",
            "version": "==3.0.18"
        },
        "python-dotenv": {
            "hashes": [
                "sha256:00aa34e92d992e9f8383730816359647f358f4a3be1ba45e5a5cefd27ee91544",
                "sha256:b1ae5e9643d5ed987fc57cc2583021e38db531946518130777734f9589b3141f"
            ],
            "version": "==0.17.1"
        },
        "pytz": {
            "hashes": [
                "sha256:83a4a90894bf38e243cf052c8b58f381bfe9a7a483f6a9cab140bc7f702ac4da",
                "sha256:eb10ce3e7736052ed3623d49975ce333bcd712c7bb19a58b9e2089d4057d0798"
            ],
            "version": "==2021.1"
        },
        "pyyaml": {
            "hashes": [
                "sha256:08682f6b72c722394747bddaf0aa62277e02557c0fd1c42cb853016a38f8dedf",
                "sha256:0f5f5786c0e09baddcd8b4b45f20a7b5d61a7e7e99846e3c799b05c7c53fa696",
                "sha256:129def1b7c1bf22faffd67b8f3724645203b79d8f4cc81f674654d9902cb4393",
                "sha256:294db365efa064d00b8d1ef65d8ea2c3426ac366c0c4368d930bf1c5fb497f77",
                "sha256:3b2b1824fe7112845700f815ff6a489360226a5609b96ec2190a45e62a9fc922",
                "sha256:3bd0e463264cf257d1ffd2e40223b197271046d09dadf73a0fe82b9c1fc385a5",
                "sha256:4465124ef1b18d9ace298060f4eccc64b0850899ac4ac53294547536533800c8",
                "sha256:49d4cdd9065b9b6e206d0595fee27a96b5dd22618e7520c33204a4a3239d5b10",
                "sha256:4e0583d24c881e14342eaf4ec5fbc97f934b999a6828693a99157fde912540cc",
                "sha256:5accb17103e43963b80e6f837831f38d314a0495500067cb25afab2e8d7a4018",
                "sha256:607774cbba28732bfa802b54baa7484215f530991055bb562efbed5b2f20a45e",
                "sha256:6c78645d400265a062508ae399b60b8c167bf003db364ecb26dcab2bda048253",
                "sha256:72a01f726a9c7851ca9bfad6fd09ca4e090a023c00945ea05ba1638c09dc3347",
                "sha256:74c1485f7707cf707a7aef42ef6322b8f97921bd89be2ab6317fd782c2d53183",
                "sha256:895f61ef02e8fed38159bb70f7e100e00f471eae2bc838cd0f4ebb21e28f8541",
                "sha256:8c1be557ee92a20f184922c7b6424e8ab6691788e6d86137c5d93c1a6ec1b8fb",
                "sha256:bb4191dfc9306777bc594117aee052446b3fa88737cd13b7188d0e7aa8162185",
                "sha256:bfb51918d4ff3d77c1c856a9699f8492c612cde32fd3bcd344af9be34999bfdc",
                "sha256:c20cfa2d49991c8b4147af39859b167664f2ad4561704ee74c1de03318e898db",
                "sha256:cb333c16912324fd5f769fff6bc5de372e9e7a202247b48870bc251ed40239aa",
                "sha256:d2d9808ea7b4af864f35ea216be506ecec180628aced0704e34aca0b040ffe46",
                "sha256:d483ad4e639292c90170eb6f7783ad19490e7a8defb3e46f97dfe4bacae89122",
                "sha256:dd5de0646207f053eb0d6c74ae45ba98c3395a571a2891858e87df7c9b9bd51b",
                "sha256:e1d4970ea66be07ae37a3c2e48b5ec63f7ba6804bdddfdbd3cfd954d25a82e63",
                "sha256:e4fac90784481d221a8e4b1162afa7c47ed953be40d31ab4629ae917510051df",
                "sha256:fa5ae20527d8e831e8230cbffd9f8fe952815b2b7dae6ffec25318803a7528fc",
                "sha256:fd7f6999a8070df521b6384004ef42833b9bd62cfee11a09bda1079b4b704247",
                "sha256:fdc842473cd33f45ff6bce46aea678a54e3d21f1b61a7750ce3c498eedfe25d6",
                "sha256:fe69978f3f768926cfa37b867e3843918e012cf83f680806599ddce33c2c68b0"
            ],
            "version": "==5.4.1"
        },
        "six": {
            "hashes": [
                "sha256:1e61c37477a1626458e36f7b1d82aa5c9b094fa4802892072e49de9c60c4c926",
                "sha256:8abb2f1d86890a2dfb989f9a77cfcfd3e47c2a354b01111771326f8aa26e0254"
            ],
            "markers": "python_version >= '2.7' and python_version not in '3.0, 3.1, 3.2, 3.3'",
            "version": "==1.16.0"
        },
        "sqlparse": {
            "hashes": [
                "sha256:017cde379adbd6a1f15a61873f43e8274179378e95ef3fede90b5aa64d304ed0",
                "sha256:0f91fd2e829c44362cbcfab3e9ae12e22badaa8a29ad5ff599f9ec109f0454e8"
            ],
            "markers": "python_version >= '3.5'",
            "version": "==0.4.1"
        },
        "uvicorn": {
            "extras": [
                "standard"
            ],
            "hashes": [
                "sha256:2a76bb359171a504b3d1c853409af3adbfa5cef374a4a59e5881945a97a93eae",
                "sha256:45ad7dfaaa7d55cab4cd1e85e03f27e9d60bc067ddc59db52a2b0aeca8870292"
            ],
            "index": "pypi",
            "version": "==0.14.0"
        },
        "vine": {
            "hashes": [
                "sha256:4c9dceab6f76ed92105027c49c823800dd33cacce13bdedc5b914e3514b7fb30",
                "sha256:7d3b1624a953da82ef63462013bbd271d3eb75751489f9807598e8f340bd637e"
            ],
            "markers": "python_version >= '3.6'",
            "version": "==5.0.0"
        },
        "watchgod": {
            "hashes": [
                "sha256:48140d62b0ebe9dd9cf8381337f06351e1f2e70b2203fa9c6eff4e572ca84f29",
                "sha256:d6c1ea21df37847ac0537ca0d6c2f4cdf513562e95f77bb93abbcf05573407b7"
            ],
            "version": "==0.7"
        },
        "wcwidth": {
            "hashes": [
                "sha256:beb4802a9cebb9144e99086eff703a642a13d6a0052920003a230f3294bbe784",
                "sha256:c4d647b99872929fdb7bdcaa4fbe7f01413ed3d98077df798530e5b04f116c83"
            ],
            "version": "==0.2.5"
        },
        "websockets": {
            "hashes": [
                "sha256:0dd4eb8e0bbf365d6f652711ce21b8fd2b596f873d32aabb0fbb53ec604418cc",
                "sha256:1d0971cc7251aeff955aa742ec541ee8aaea4bb2ebf0245748fbec62f744a37e",
                "sha256:1d6b4fddb12ab9adf87b843cd4316c4bd602db8d5efd2fb83147f0458fe85135",
                "sha256:230a3506df6b5f446fed2398e58dcaafdff12d67fe1397dff196411a9e820d02",
                "sha256:276d2339ebf0df4f45df453923ebd2270b87900eda5dfd4a6b0cfa15f82111c3",
                "sha256:2cf04601633a4ec176b9cc3d3e73789c037641001dbfaf7c411f89cd3e04fcaf",
                "sha256:3ddff38894c7857c476feb3538dd847514379d6dc844961dc99f04b0384b1b1b",
                "sha256:48c222feb3ced18f3dc61168ca18952a22fb88e5eb8902d2bf1b50faefdc34a2",
                "sha256:51d04df04ed9d08077d10ccbe21e6805791b78eac49d16d30a1f1fe2e44ba0af",
                "sha256:597c28f3aa7a09e8c070a86b03107094ee5cdafcc0d55f2f2eac92faac8dc67d",
                "sha256:5c8f0d82ea2468282e08b0cf5307f3ad022290ed50c45d5cb7767957ca782880",
                "sha256:7189e51955f9268b2bdd6cc537e0faa06f8fffda7fb386e5922c6391de51b077",
                "sha256:7df3596838b2a0c07c6f6d67752c53859a54993d4f062689fdf547cb56d0f84f",
                "sha256:826ccf85d4514609219725ba4a7abd569228c2c9f1968e8be05be366f68291ec",
                "sha256:836d14eb53b500fd92bd5db2fc5894f7c72b634f9c2a28f546f75967503d8e25",
                "sha256:85db8090ba94e22d964498a47fdd933b8875a1add6ebc514c7ac8703eb97bbf0",
                "sha256:85e701a6c316b7067f1e8675c638036a796fe5116783a4c932e7eb8e305a3ffe",
                "sha256:900589e19200be76dd7cbaa95e9771605b5ce3f62512d039fb3bc5da9014912a",
                "sha256:9147868bb0cc01e6846606cd65cbf9c58598f187b96d14dd1ca17338b08793bb",
                "sha256:9e7fdc775fe7403dbd8bc883ba59576a6232eac96dacb56512daacf7af5d618d",
                "sha256:ab5ee15d3462198c794c49ccd31773d8a2b8c17d622aa184f669d2b98c2f0857",
                "sha256:ad893d889bc700a5835e0a95a3e4f2c39e91577ab232a3dc03c262a0f8fc4b5c",
                "sha256:b2e71c4670ebe1067fa8632f0d081e47254ee2d3d409de54168b43b0ba9147e0",
                "sha256:b43b13e5622c5a53ab12f3272e6f42f1ce37cd5b6684b2676cb365403295cd40",
                "sha256:b4ad84b156cf50529b8ac5cc1638c2cf8680490e3fccb6121316c8c02620a2e4",
                "sha256:be5fd35e99970518547edc906efab29afd392319f020c3c58b0e1a158e16ed20",
                "sha256:caa68c95bc1776d3521f81eeb4d5b9438be92514ec2a79fececda814099c8314",
                "sha256:d144b350045c53c8ff09aa1cfa955012dd32f00c7e0862c199edcabb1a8b32da",
                "sha256:d2c2d9b24d3c65b5a02cac12cbb4e4194e590314519ed49db2f67ef561c3cf58",
                "sha256:e9e5fd6dbdf95d99bc03732ded1fc8ef22ebbc05999ac7e0c7bf57fe6e4e5ae2",
                "sha256:ebf459a1c069f9866d8569439c06193c586e72c9330db1390af7c6a0a32c4afd",
                "sha256:f31722f1c033c198aa4a39a01905951c00bd1c74f922e8afc1b1c62adbcdd56a",
                "sha256:f68c352a68e5fdf1e97288d5cec9296664c590c25932a8476224124aaf90dbcd"
            ],
            "version": "==9.1"
        },
        "whitenoise": {
            "hashes": [
                "sha256:05ce0be39ad85740a78750c86a93485c40f08ad8c62a6006de0233765996e5c7",
                "sha256:05d00198c777028d72d8b0bbd234db605ef6d60e9410125124002518a48e515d"
            ],
            "index": "pypi",
            "version": "==5.2.0"
        }
    },
    "develop": {}
}
