{
    "_meta": {
        "hash": {
            "sha256": "39068a1ca17c9933e1491312e4e7d0ac9c9547cd9b74de38cdf5315d04e121f9"
        },
        "pipfile-spec": 6,
        "requires": {
            "python_version": "3.10"
        },
        "sources": [
            {
                "name": "pypi",
                "url": "https://pypi.org/simple",
                "verify_ssl": true
            }
        ]
    },
    "default": {
        "certifi": {
            "hashes": [
                "sha256:84c85a9078b11105f04f3036a9482ae10e4621616db313fe045dd24743a0820d",
                "sha256:fe86415d55e84719d75f8b69414f6438ac3547d2078ab91b67e779ef69378412"
            ],
            "markers": "python_version >= '3.6'",
            "version": "==2022.6.15"
        },
        "charset-normalizer": {
            "hashes": [
                "sha256:5a3d016c7c547f69d6f81fb0db9449ce888b418b5b9952cc5e6e66843e9dd845",
                "sha256:83e9a75d1911279afd89352c68b45348559d1fc0506b054b346651b5e7fee29f"
            ],
            "markers": "python_version >= '3.6'",
            "version": "==2.1.1"
        },
        "commonmark": {
            "hashes": [
                "sha256:452f9dc859be7f06631ddcb328b6919c67984aca654e5fefb3914d54691aed60",
                "sha256:da2f38c92590f83de410ba1a3cbceafbc74fee9def35f9251ba9a971d6d66fd9"
            ],
            "version": "==0.9.1"
        },
        "elevate": {
            "hashes": [
                "sha256:53ad19fa1de301fb1de3f8768fb3a5894215716fd96a475690c4d0ff3b1de209"
            ],
            "index": "pypi",
            "version": "==0.1.3"
        },
        "idna": {
            "hashes": [
                "sha256:84d9dd047ffa80596e0f246e2eab0b391788b0503584e8945f2368256d2735ff",
                "sha256:9d643ff0a55b762d5cdb124b8eaa99c66322e2157b69160bc32796e824360e6d"
            ],
            "markers": "python_version >= '3.5'",
            "version": "==3.3"
        },
        "nuitka": {
            "hashes": [
                "sha256:80203fa8816d187dde812ee35c6ad597423786b73ee512d8f6f62c72af227fa4"
            ],
            "index": "pypi",
            "version": "==1.0.6"
        },
        "pygments": {
            "hashes": [
                "sha256:56a8508ae95f98e2b9bdf93a6be5ae3f7d8af858b43e02c5a2ff083726be40c1",
                "sha256:f643f331ab57ba3c9d89212ee4a2dabc6e94f117cf4eefde99a0574720d14c42"
            ],
            "markers": "python_version >= '3.6'",
            "version": "==2.13.0"
        },
        "requests": {
            "hashes": [
                "sha256:7c5599b102feddaa661c826c56ab4fee28bfd17f5abca1ebbe3e7f19d7c97983",
                "sha256:8fefa2a1a1365bf5520aac41836fbee479da67864514bdb821f31ce07ce65349"
            ],
            "index": "pypi",
            "version": "==2.28.1"
        },
        "rich": {
            "hashes": [
                "sha256:2eb4e6894cde1e017976d2975ac210ef515d7548bc595ba20e195fb9628acdeb",
                "sha256:63a5c5ce3673d3d5fbbf23cd87e11ab84b6b451436f1b7f19ec54b6bc36ed7ca"
            ],
            "index": "pypi",
            "version": "==12.5.1"
        },
        "urllib3": {
            "hashes": [
                "sha256:3fa96cf423e6987997fc326ae8df396db2a8b7c667747d47ddd8ecba91f4a74e",
                "sha256:b930dd878d5a8afb066a637fbb35144fe7901e3b209d1cd4f524bd0e9deee997"
            ],
            "markers": "python_version >= '2.7' and python_version not in '3.0, 3.1, 3.2, 3.3, 3.4, 3.5' and python_version < '4'",
            "version": "==1.26.12"
        },
        "zstandard": {
            "hashes": [
                "sha256:083dc08abf03807af9beeb2b6a91c23ad78add2499f828176a3c7b742c44df02",
                "sha256:0ac0357a0d985b4ff31a854744040d7b5754385d1f98f7145c30e02c6865cb6f",
                "sha256:19cac7108ff2c342317fad6dc97604b47a41f403c8f19d0bfc396dfadc3638b8",
                "sha256:1af1268a7dc870eb27515fb8db1f3e6c5a555d2b7bcc476fc3bab8886c7265ab",
                "sha256:1be31e9e3f7607ee0cdd60915410a5968b205d3e7aa83b7fcf3dd76dbbdb39e0",
                "sha256:1dc2d3809e763055a1a6c1a73f2b677320cc9a5aa1a7c6cfb35aee59bddc42d9",
                "sha256:266aba27fa9cc5e9091d3d325ebab1fa260f64e83e42516d5e73947c70216a5b",
                "sha256:28723a1d2e4df778573b76b321ebe9f3469ac98988104c2af116dd344802c3f8",
                "sha256:2dc466207016564805e56d28375f4f533b525ff50d6776946980dff5465566ac",
                "sha256:39e98cf4773234bd9cebf9f9db730e451dfcfe435e220f8921242afda8321887",
                "sha256:3af8c2383d02feb6650e9255491ec7d0824f6e6dd2bbe3e521c469c985f31fb1",
                "sha256:46f679bc5dfd938db4fb058218d9dc4db1336ffaf1ea774ff152ecadabd40805",
                "sha256:490d11b705b8ae9dc845431bacc8dd1cef2408aede176620a5cd0cd411027936",
                "sha256:49685bf9a55d1ab34bd8423ea22db836ba43a181ac6b045ac4272093d5cb874e",
                "sha256:4a2ee1d4f98447f3e5183ecfce5626f983504a4a0c005fbe92e60fa8e5d547ec",
                "sha256:4cbb85f29a990c2fdbf7bc63246567061a362ddca886d7fae6f780267c0a9e67",
                "sha256:5228e596eb1554598c872a337bbe4e5afe41cd1f8b1b15f2e35b50d061e35244",
                "sha256:533db8a6fac6248b2cb2c935e7b92f994efbdeb72e1ffa0b354432e087bb5a3e",
                "sha256:63694a376cde0aa8b1971d06ca28e8f8b5f492779cb6ee1cc46bbc3f019a42a5",
                "sha256:702a8324cd90c74d9c8780d02bf55e79da3193c870c9665ad3a11647e3ad1435",
                "sha256:7231543d38d2b7e02ef7cc78ef7ffd86419437e1114ff08709fe25a160e24bd6",
                "sha256:75479e7c2b3eebf402c59fbe57d21bc400cefa145ca356ee053b0a08908c5784",
                "sha256:76725d1ee83a8915100a310bbad5d9c1fc6397410259c94033b8318d548d9990",
                "sha256:8677ffc6a6096cccbd892e558471c901fd821aba12b7fbc63833c7346f549224",
                "sha256:8b2260c4e07dd0723eadb586de7718b61acca4083a490dda69c5719d79bc715c",
                "sha256:999a4e1768f219826ba3fa2064fab1c86dd72fdd47a42536235478c3bb3ca3e2",
                "sha256:9df59cd1cf3c62075ee2a4da767089d19d874ac3ad42b04a71a167e91b384722",
                "sha256:a7fa67cba473623848b6e88acf8d799b1906178fd883fb3a1da24561c779593b",
                "sha256:bd3220d7627fd4d26397211cb3b560ec7cc4a94b75cfce89e847e8ce7fabe32d",
                "sha256:bfa6c8549fa18e6497a738b7033c49f94a8e2e30c5fbe2d14d0b5aa8bbc1695d",
                "sha256:c86befac87445927488f5c8f205d11566f64c11519db223e9d282b945fa60dab",
                "sha256:c990063664c08169c84474acecc9251ee035871589025cac47c060ff4ec4bc1a",
                "sha256:cdb44d7284c8c5dd1b66dfb86dda7f4560fa94bfbbc1d2da749ba44831335e32",
                "sha256:ce6f59cba9854fd14da5bfe34217a1501143057313966637b7291d1b0267bd1e",
                "sha256:d4a8fd45746a6c31e729f35196e80b8f1e9987c59f5ccb8859d7c6a6fbeb9c63",
                "sha256:d6c85ca5162049ede475b7ec98e87f9390501d44a3d6776ddd504e872464ec25",
                "sha256:d716a7694ce1fa60b20bc10f35c4a22be446ef7f514c8dbc8f858b61976de2fb",
                "sha256:d85bfabad444812133a92fc6fbe463e1d07581dba72f041f07a360e63808b23c",
                "sha256:d956e2f03c7200d7e61345e0880c292783ec26618d0d921dcad470cb195bbce2",
                "sha256:dbb3cb8a082d62b8a73af42291569d266b05605e017a3d8a06a0e5c30b5f10f0",
                "sha256:dc2a4de9f363b3247d472362a65041fe4c0f59e01a2846b15d13046be866a885",
                "sha256:e02043297c1832f2666cd2204f381bef43b10d56929e13c42c10c732c6e3b4ed",
                "sha256:eea18c1e7442f2aa9aff1bb84550dbb6a1f711faf6e48e7319de8f2b2e923c2a",
                "sha256:ef7e8a200e4c8ac9102ed3c90ed2aa379f6b880f63032200909c1be21951f556"
            ],
            "index": "pypi",
            "version": "==0.18.0"
        }
    },
    "develop": {}
}
